
Microsoft Visual Studio Solution File, Format Version 12.00
# Visual Studio Version 17
VisualStudioVersion = 17.3.32825.248
MinimumVisualStudioVersion = 10.0.40219.1
Project("{FAE04EC0-301F-11D3-BF4B-00C04F79EFBC}") = "Na_15.10", "Na_15.10.csproj", "{6DDA4FFA-58B3-4867-AC8D-A549EDD9BD76}"
EndProject
Project("{FAE04EC0-301F-11D3-BF4B-00C04F79EFBC}") = "TymNa_15.10", "TymNa_15.10\TymNa_15.10.csproj", "{E216F24B-5974-4DC9-8921-8601B1CD6018}"
EndProject
Global
	GlobalSection(SolutionConfigurationPlatforms) = preSolution
		Debug|Any CPU = Debug|Any CPU
		Release|Any CPU = Release|Any CPU
	EndGlobalSection
	GlobalSection(ProjectConfigurationPlatforms) = postSolution
		{6DDA4FFA-58B3-4867-AC8D-A549EDD9BD76}.Debug|Any CPU.ActiveCfg = Debug|Any CPU
		{6DDA4FFA-58B3-4867-AC8D-A549EDD9BD76}.Debug|Any CPU.Build.0 = Debug|Any CPU
		{6DDA4FFA-58B3-4867-AC8D-A549EDD9BD76}.Release|Any CPU.ActiveCfg = Release|Any CPU
		{6DDA4FFA-58B3-4867-AC8D-A549EDD9BD76}.Release|Any CPU.Build.0 = Release|Any CPU
		{E216F24B-5974-4DC9-8921-8601B1CD6018}.Debug|Any CPU.ActiveCfg = Debug|Any CPU
		{E216F24B-5974-4DC9-8921-8601B1CD6018}.Debug|Any CPU.Build.0 = Debug|Any CPU
		{E216F24B-5974-4DC9-8921-8601B1CD6018}.Release|Any CPU.ActiveCfg = Release|Any CPU
		{E216F24B-5974-4DC9-8921-8601B1CD6018}.Release|Any CPU.Build.0 = Release|Any CPU
	EndGlobalSection
	GlobalSection(SolutionProperties) = preSolution
		HideSolutionNode = FALSE
	EndGlobalSection
	GlobalSection(ExtensibilityGlobals) = postSolution
		SolutionGuid = {D548DDF6-756E-4E36-B338-4EE946351EE1}
	EndGlobalSection
EndGlobal
